
Microsoft Visual Studio Solution File, Format Version 12.00
# Visual Studio Version 16
VisualStudioVersion = 16.0.31025.194
MinimumVisualStudioVersion = 10.0.40219.1
Project("{FAE04EC0-301F-11D3-BF4B-00C04F79EFBC}") = "Constructors", "Constructors\Constructors.csproj", "{2967DA30-8C00-4E9A-BFA7-B22FFFCD413C}"
EndProject
Project("{FAE04EC0-301F-11D3-BF4B-00C04F79EFBC}") = "Generics", "Generics\Generics.csproj", "{B09C90E2-6064-4C1A-ABCC-C4F531389BB1}"
EndProject
Global
	GlobalSection(SolutionConfigurationPlatforms) = preSolution
		Debug|Any CPU = Debug|Any CPU
		Release|Any CPU = Release|Any CPU
	EndGlobalSection
	GlobalSection(ProjectConfigurationPlatforms) = postSolution
		{2967DA30-8C00-4E9A-BFA7-B22FFFCD413C}.Debug|Any CPU.ActiveCfg = Debug|Any CPU
		{2967DA30-8C00-4E9A-BFA7-B22FFFCD413C}.Debug|Any CPU.Build.0 = Debug|Any CPU
		{2967DA30-8C00-4E9A-BFA7-B22FFFCD413C}.Release|Any CPU.ActiveCfg = Release|Any CPU
		{2967DA30-8C00-4E9A-BFA7-B22FFFCD413C}.Release|Any CPU.Build.0 = Release|Any CPU
		{B09C90E2-6064-4C1A-ABCC-C4F531389BB1}.Debug|Any CPU.ActiveCfg = Debug|Any CPU
		{B09C90E2-6064-4C1A-ABCC-C4F531389BB1}.Debug|Any CPU.Build.0 = Debug|Any CPU
		{B09C90E2-6064-4C1A-ABCC-C4F531389BB1}.Release|Any CPU.ActiveCfg = Release|Any CPU
		{B09C90E2-6064-4C1A-ABCC-C4F531389BB1}.Release|Any CPU.Build.0 = Release|Any CPU
	EndGlobalSection
	GlobalSection(SolutionProperties) = preSolution
		HideSolutionNode = FALSE
	EndGlobalSection
	GlobalSection(ExtensibilityGlobals) = postSolution
		SolutionGuid = {8FBA9273-DF92-4F66-BA0C-D73F0C8DDC6C}
	EndGlobalSection
EndGlobal
